
Microsoft Visual Studio Solution File, Format Version 12.00
# Visual Studio Version 16
VisualStudioVersion = 16.0.32413.511
MinimumVisualStudioVersion = 10.0.40219.1
Project("{FAE04EC0-301F-11D3-BF4B-00C04F79EFBC}") = "HotelManagement", "HotelManagement\HotelManagement.csproj", "{CDE1DE46-883B-4716-BFDF-74499C952E80}"
EndProject
Project("{FAE04EC0-301F-11D3-BF4B-00C04F79EFBC}") = "roomFormWPF2", "roomFormWPF2\roomFormWPF2.csproj", "{2033CEC3-FF47-4145-9391-A1A64B88AC8E}"
EndProject
Global
	GlobalSection(SolutionConfigurationPlatforms) = preSolution
		Debug|Any CPU = Debug|Any CPU
		Release|Any CPU = Release|Any CPU
	EndGlobalSection
	GlobalSection(ProjectConfigurationPlatforms) = postSolution
		{CDE1DE46-883B-4716-BFDF-74499C952E80}.Debug|Any CPU.ActiveCfg = Debug|Any CPU
		{CDE1DE46-883B-4716-BFDF-74499C952E80}.Debug|Any CPU.Build.0 = Debug|Any CPU
		{CDE1DE46-883B-4716-BFDF-74499C952E80}.Release|Any CPU.ActiveCfg = Release|Any CPU
		{CDE1DE46-883B-4716-BFDF-74499C952E80}.Release|Any CPU.Build.0 = Release|Any CPU
		{2033CEC3-FF47-4145-9391-A1A64B88AC8E}.Debug|Any CPU.ActiveCfg = Debug|Any CPU
		{2033CEC3-FF47-4145-9391-A1A64B88AC8E}.Debug|Any CPU.Build.0 = Debug|Any CPU
		{2033CEC3-FF47-4145-9391-A1A64B88AC8E}.Release|Any CPU.ActiveCfg = Release|Any CPU
		{2033CEC3-FF47-4145-9391-A1A64B88AC8E}.Release|Any CPU.Build.0 = Release|Any CPU
	EndGlobalSection
	GlobalSection(SolutionProperties) = preSolution
		HideSolutionNode = FALSE
	EndGlobalSection
	GlobalSection(ExtensibilityGlobals) = postSolution
		SolutionGuid = {8BF1DD58-4B3D-42A0-A67C-A71A06D03A61}
	EndGlobalSection
EndGlobal
